
Microsoft Visual Studio Solution File, Format Version 12.00
# Visual Studio Version 17
VisualStudioVersion = 17.0.31903.59
MinimumVisualStudioVersion = 10.0.40219.1
Project("{FAE04EC0-301F-11D3-BF4B-00C04F79EFBC}") = "NZWalks.API", "NZWalks.API\NZWalks.API.csproj", "{4D642870-8D70-4699-91FA-5E04486878D0}"
EndProject
Global
	GlobalSection(SolutionConfigurationPlatforms) = preSolution
		Debug|Any CPU = Debug|Any CPU
		Release|Any CPU = Release|Any CPU
	EndGlobalSection
	GlobalSection(ProjectConfigurationPlatforms) = postSolution
		{4D642870-8D70-4699-91FA-5E04486878D0}.Debug|Any CPU.ActiveCfg = Debug|Any CPU
		{4D642870-8D70-4699-91FA-5E04486878D0}.Debug|Any CPU.Build.0 = Debug|Any CPU
		{4D642870-8D70-4699-91FA-5E04486878D0}.Release|Any CPU.ActiveCfg = Release|Any CPU
		{4D642870-8D70-4699-91FA-5E04486878D0}.Release|Any CPU.Build.0 = Release|Any CPU
	EndGlobalSection
	GlobalSection(SolutionProperties) = preSolution
		HideSolutionNode = FALSE
	EndGlobalSection
	GlobalSection(ExtensibilityGlobals) = postSolution
		SolutionGuid = {FAEDE837-890C-4F27-A655-4E9805B84F47}
	EndGlobalSection
EndGlobal
